{
  "name": "efpftempapp",
  "version": "1.0.0",
  "lockfileVersion": 1,
  "requires": true,
  "dependencies": {
    "get-routes": {
      "version": "2.1.5",
      "resolved": "https://registry.npmjs.org/get-routes/-/get-routes-2.1.5.tgz",
      "integrity": "sha512-O0bQS1Wd52nsvUSOE2n3CgZVQxpEMt/SuKZkxqEB35WE7iDAanmFvh2JGkIAtX/uSWqgkUQKz+RL8Qxr9rIw6g=="
    }
  }
}
